PODS:
  - InputBarAccessoryView (4.3.0)
  - MessageKit (3.0.0-beta-swift5):
    - InputBarAccessoryView (~> 4.3.0)
  - PubNub (4.8.7):
    - PubNub/Core (= 4.8.7)
  - PubNub/Core (4.8.7)
  - SwiftLint (0.32.0)

DEPENDENCIES:
  - MessageKit (from `https://github.com/MessageKit/MessageKit.git`, branch `3.0.0-swift5`)
  - PubNub (~> 4.0)
  - SwiftLint (~> 0.30)

SPEC REPOS:
  https://github.com/cocoapods/specs.git:
    - InputBarAccessoryView
    - PubNub
    - SwiftLint

EXTERNAL SOURCES:
  MessageKit:
    :branch: 3.0.0-swift5
    :git: https://github.com/MessageKit/MessageKit.git

CHECKOUT OPTIONS:
  MessageKit:
    :commit: bed54d3c2a8a96dee7f24f4eefbc281a42bf5a78
    :git: https://github.com/MessageKit/MessageKit.git

SPEC CHECKSUMS:
  InputBarAccessoryView: 28dca73f28df7822fe5377f83cfc4547e22f90ff
  MessageKit: 96420f1fe84d037451cc7b11800a559189f40c25
  PubNub: c767e96befde348b990b2fed1e9e76048e7c0abd
  SwiftLint: 009a898ef2a1c851f45e1b59349bf6ff2ddc990d

PODFILE CHECKSUM: 1e9638f54e0c8436366da342edcfd6f1e4e2d99d

COCOAPODS: 1.6.1
