PODS:
  - InputBarAccessoryView (4.3.0)
  - MessageKit (3.1.0):
    - InputBarAccessoryView (~> 4.3.0)
  - PubNub (4.8.7):
    - PubNub/Core (= 4.8.7)
  - PubNub/Core (4.8.7)
  - SwiftLint (0.32.0)

DEPENDENCIES:
  - MessageKit (from `https://github.com/MessageKit/MessageKit.git`, branch `3.0.0-swift5`)
  - PubNub (~> 4.0)
  - SwiftLint (~> 0.30)

SPEC REPOS:
  https://github.com/cocoapods/specs.git:
    - InputBarAccessoryView
    - PubNub
    - SwiftLint

EXTERNAL SOURCES:
  MessageKit:
    :branch: 3.0.0-swift5
    :git: https://github.com/MessageKit/MessageKit.git

CHECKOUT OPTIONS:
  MessageKit:
    :commit: 8f0a1715106ea0c6fc21aa7181a6c42fc9b588dd
    :git: https://github.com/MessageKit/MessageKit.git

SPEC CHECKSUMS:
  InputBarAccessoryView: 28dca73f28df7822fe5377f83cfc4547e22f90ff
  MessageKit: 72add24fcba6c6ca1e09385285f6f66757340769
  PubNub: c767e96befde348b990b2fed1e9e76048e7c0abd
  SwiftLint: 009a898ef2a1c851f45e1b59349bf6ff2ddc990d

PODFILE CHECKSUM: f92bfc62941d6bf0f3fcf60dd0135bf29e917b9e

COCOAPODS: 1.7.0
