// !$*UTF8*$!
{
	archiveVersion = 1;
	classes = {
	};
	objectVersion = 51;
	objects = {

/* Begin PBXBuildFile section */
		00AB5F85B7C9C0A053F447F0 /* Pods_Snippets.framework in Frameworks */ = {isa = PBXBuildFile; fileRef = D737169665141BC8A01EF944 /* Pods_Snippets.framework */; };
		14B3227522C3F0F400D4D4EB /* keysset.plist in Resources */ = {isa = PBXBuildFile; fileRef = 14B3227422C3F0F400D4D4EB /* keysset.plist */; };
		14B3227722C40ECA00D4D4EB /* keysset.plist in Resources */ = {isa = PBXBuildFile; fileRef = 14B3227422C3F0F400D4D4EB /* keysset.plist */; };
		3503C39C227A6CD7009ADD82 /* Models+Displayable.swift in Sources */ = {isa = PBXBuildFile; fileRef = 3503C39B227A6CD7009ADD82 /* Models+Displayable.swift */; };
		3530F68F227219B600D1AED3 /* ChatRoomServiceTests.swift in Sources */ = {isa = PBXBuildFile; fileRef = 356E4D342271F8BC00929A9C /* ChatRoomServiceTests.swift */; };
		3530F691227219BC00D1AED3 /* Mock+ChatProvider.swift in Sources */ = {isa = PBXBuildFile; fileRef = 356E4D322271F0CA00929A9C /* Mock+ChatProvider.swift */; };
		3530F6932274A7A800D1AED3 /* ChatRoom.swift in Sources */ = {isa = PBXBuildFile; fileRef = 3530F6922274A7A800D1AED3 /* ChatRoom.swift */; };
		3552571E223852930095AAFD /* AppDelegate.swift in Sources */ = {isa = PBXBuildFile; fileRef = 3552571D223852930095AAFD /* AppDelegate.swift */; };
		35525720223852930095AAFD /* ChatViewController.swift in Sources */ = {isa = PBXBuildFile; fileRef = 3552571F223852930095AAFD /* ChatViewController.swift */; };
		35525723223852930095AAFD /* Main.storyboard in Resources */ = {isa = PBXBuildFile; fileRef = 35525721223852930095AAFD /* Main.storyboard */; };
		35525725223852970095AAFD /* Assets.xcassets in Resources */ = {isa = PBXBuildFile; fileRef = 35525724223852970095AAFD /* Assets.xcassets */; };
		3558365F2256766C0053E1F9 /* ChatViewModel.swift in Sources */ = {isa = PBXBuildFile; fileRef = 3558365E2256766C0053E1F9 /* ChatViewModel.swift */; };
		355836632256A2410053E1F9 /* Message.swift in Sources */ = {isa = PBXBuildFile; fileRef = 355836622256A2410053E1F9 /* Message.swift */; };
		355836652256A3300053E1F9 /* ChatRoomService.swift in Sources */ = {isa = PBXBuildFile; fileRef = 355836642256A3300053E1F9 /* ChatRoomService.swift */; };
		3558366B225BE7F00053E1F9 /* AppStateService.swift in Sources */ = {isa = PBXBuildFile; fileRef = 3558366A225BE7F00053E1F9 /* AppStateService.swift */; };
		3558366D225BEFAA0053E1F9 /* ChatRoomDetailsViewController.swift in Sources */ = {isa = PBXBuildFile; fileRef = 3558366C225BEFAA0053E1F9 /* ChatRoomDetailsViewController.swift */; };
		35765C8A223FF5EE000B4B8D /* PubNub+Ext.swift in Sources */ = {isa = PBXBuildFile; fileRef = 35765C71223AE60C000B4B8D /* PubNub+Ext.swift */; };
		35765C8C224132EE000B4B8D /* ConnectToPubnub.swift in Sources */ = {isa = PBXBuildFile; fileRef = 35765C8B224132EE000B4B8D /* ConnectToPubnub.swift */; };
		35765C8F2241330D000B4B8D /* Messages.swift in Sources */ = {isa = PBXBuildFile; fileRef = 35765C8E2241330D000B4B8D /* Messages.swift */; };
		35765C9122413320000B4B8D /* MessageHistory.swift in Sources */ = {isa = PBXBuildFile; fileRef = 35765C9022413320000B4B8D /* MessageHistory.swift */; };
		35765C9322413332000B4B8D /* Presence.swift in Sources */ = {isa = PBXBuildFile; fileRef = 35765C9222413332000B4B8D /* Presence.swift */; };
		35765C9522413343000B4B8D /* Authorization.swift in Sources */ = {isa = PBXBuildFile; fileRef = 35765C9422413343000B4B8D /* Authorization.swift */; };
		35765C9722413357000B4B8D /* PushNotifications.swift in Sources */ = {isa = PBXBuildFile; fileRef = 35765C9622413357000B4B8D /* PushNotifications.swift */; };
		35765C9922413367000B4B8D /* Encryption.swift in Sources */ = {isa = PBXBuildFile; fileRef = 35765C9822413367000B4B8D /* Encryption.swift */; };
		35765C9B22413378000B4B8D /* Admin.swift in Sources */ = {isa = PBXBuildFile; fileRef = 35765C9A22413378000B4B8D /* Admin.swift */; };
		35765C9D224134A5000B4B8D /* ManageChannels.swift in Sources */ = {isa = PBXBuildFile; fileRef = 35765C9C224134A5000B4B8D /* ManageChannels.swift */; };
		359564722264D03B008442A0 /* ChatRoomDetailsViewModel.swift in Sources */ = {isa = PBXBuildFile; fileRef = 359564712264D03B008442A0 /* ChatRoomDetailsViewModel.swift */; };
		3595647722669120008442A0 /* UIColor+Ext.swift in Sources */ = {isa = PBXBuildFile; fileRef = 3595647622669120008442A0 /* UIColor+Ext.swift */; };
		3595647922679F78008442A0 /* PubNub+ChatProvider.swift in Sources */ = {isa = PBXBuildFile; fileRef = 3595647822679F78008442A0 /* PubNub+ChatProvider.swift */; };
		3595647F2268E1F4008442A0 /* UserDetailTableViewCell.xib in Resources */ = {isa = PBXBuildFile; fileRef = 3595647E2268E1F4008442A0 /* UserDetailTableViewCell.xib */; };
		359564812268E32A008442A0 /* UserDetailTableViewCell.swift in Sources */ = {isa = PBXBuildFile; fileRef = 359564802268E32A008442A0 /* UserDetailTableViewCell.swift */; };
		35AEBF15225E4355005F1D41 /* Bundle+Ext.swift in Sources */ = {isa = PBXBuildFile; fileRef = 35AEBF14225E4355005F1D41 /* Bundle+Ext.swift */; };
		35AEBF1722601964005F1D41 /* Models+Ext.swift in Sources */ = {isa = PBXBuildFile; fileRef = 35AEBF1622601964005F1D41 /* Models+Ext.swift */; };
		35AEBF1E226026F9005F1D41 /* Message+MessageType.swift in Sources */ = {isa = PBXBuildFile; fileRef = 35AEBF1D226026F9005F1D41 /* Message+MessageType.swift */; };
		35AEBF20226027CC005F1D41 /* User+SenderType.swift in Sources */ = {isa = PBXBuildFile; fileRef = 35AEBF1F226027CC005F1D41 /* User+SenderType.swift */; };
		35CB460B227B66DB002E98E7 /* DateFormatter+Message.swift in Sources */ = {isa = PBXBuildFile; fileRef = 35CB460A227B66DB002E98E7 /* DateFormatter+Message.swift */; };
		35E5474A224C07CA0086FB8F /* ChatProvider.swift in Sources */ = {isa = PBXBuildFile; fileRef = 35765C72223AE60C000B4B8D /* ChatProvider.swift */; };
		35E547752252B3670086FB8F /* User.swift in Sources */ = {isa = PBXBuildFile; fileRef = 35E547742252B3670086FB8F /* User.swift */; };
		797416C1225AAAC400D677B9 /* PNTestCase.swift in Sources */ = {isa = PBXBuildFile; fileRef = 797416C0225AAAC400D677B9 /* PNTestCase.swift */; };
		A4EE484D05A8227588C08232 /* Pods_AnimalForestChatTests.framework in Frameworks */ = {isa = PBXBuildFile; fileRef = 7C3549B27303BBF7606A565F /* Pods_AnimalForestChatTests.framework */; };
		EA63A70A3827B3B41FF67C14 /* Pods_AnimalForestChat.framework in Frameworks */ = {isa = PBXBuildFile; fileRef = BD536DC65B4553C749122A97 /* Pods_AnimalForestChat.framework */; };
/* End PBXBuildFile section */

/* Begin PBXContainerItemProxy section */
		3552572F223852970095AAFD /* PBXContainerItemProxy */ = {
			isa = PBXContainerItemProxy;
			containerPortal = 355256F72237FDA40095AAFD /* Project object */;
			proxyType = 1;
			remoteGlobalIDString = 3552571A223852930095AAFD;
			remoteInfo = "chat-example";
		};
/* End PBXContainerItemProxy section */

/* Begin PBXFileReference section */
		14B3227422C3F0F400D4D4EB /* keysset.plist */ = {isa = PBXFileReference; lastKnownFileType = text.plist.xml; path = keysset.plist; sourceTree = "<group>"; };
		25181EF28B5E0BDCE9C61929 /* Pods-Snippets.release.xcconfig */ = {isa = PBXFileReference; includeInIndex = 1; lastKnownFileType = text.xcconfig; name = "Pods-Snippets.release.xcconfig"; path = "Target Support Files/Pods-Snippets/Pods-Snippets.release.xcconfig"; sourceTree = "<group>"; };
		3503C39B227A6CD7009ADD82 /* Models+Displayable.swift */ = {isa = PBXFileReference; lastKnownFileType = sourcecode.swift; path = "Models+Displayable.swift"; sourceTree = "<group>"; };
		3530F6922274A7A800D1AED3 /* ChatRoom.swift */ = {isa = PBXFileReference; lastKnownFileType = sourcecode.swift; path = ChatRoom.swift; sourceTree = "<group>"; };
		35461A7A223A9A1900B59EB6 /* README.md */ = {isa = PBXFileReference; fileEncoding = 4; lastKnownFileType = net.daringfireball.markdown; path = README.md; sourceTree = "<group>"; };
		3552571B223852930095AAFD /* AnimalForestChat.app */ = {isa = PBXFileReference; explicitFileType = wrapper.application; includeInIndex = 0; path = AnimalForestChat.app; sourceTree = BUILT_PRODUCTS_DIR; };
		3552571D223852930095AAFD /* AppDelegate.swift */ = {isa = PBXFileReference; lastKnownFileType = sourcecode.swift; path = AppDelegate.swift; sourceTree = "<group>"; };
		3552571F223852930095AAFD /* ChatViewController.swift */ = {isa = PBXFileReference; lastKnownFileType = sourcecode.swift; path = ChatViewController.swift; sourceTree = "<group>"; };
		35525722223852930095AAFD /* Base */ = {isa = PBXFileReference; lastKnownFileType = file.storyboard; name = Base; path = Base.lproj/Main.storyboard; sourceTree = "<group>"; };
		35525724223852970095AAFD /* Assets.xcassets */ = {isa = PBXFileReference; lastKnownFileType = folder.assetcatalog; path = Assets.xcassets; sourceTree = "<group>"; };
		35525729223852970095AAFD /* Info.plist */ = {isa = PBXFileReference; lastKnownFileType = text.plist.xml; path = Info.plist; sourceTree = "<group>"; };
		3552572E223852970095AAFD /* AnimalForestChatTests.xctest */ = {isa = PBXFileReference; explicitFileType = wrapper.cfbundle; includeInIndex = 0; path = AnimalForestChatTests.xctest; sourceTree = BUILT_PRODUCTS_DIR; };
		35525734223852970095AAFD /* Info.plist */ = {isa = PBXFileReference; lastKnownFileType = text.plist.xml; path = Info.plist; sourceTree = "<group>"; };
		3558365E2256766C0053E1F9 /* ChatViewModel.swift */ = {isa = PBXFileReference; lastKnownFileType = sourcecode.swift; path = ChatViewModel.swift; sourceTree = "<group>"; };
		355836622256A2410053E1F9 /* Message.swift */ = {isa = PBXFileReference; lastKnownFileType = sourcecode.swift; path = Message.swift; sourceTree = "<group>"; };
		355836642256A3300053E1F9 /* ChatRoomService.swift */ = {isa = PBXFileReference; lastKnownFileType = sourcecode.swift; path = ChatRoomService.swift; sourceTree = "<group>"; };
		3558366A225BE7F00053E1F9 /* AppStateService.swift */ = {isa = PBXFileReference; lastKnownFileType = sourcecode.swift; path = AppStateService.swift; sourceTree = "<group>"; };
		3558366C225BEFAA0053E1F9 /* ChatRoomDetailsViewController.swift */ = {isa = PBXFileReference; lastKnownFileType = sourcecode.swift; path = ChatRoomDetailsViewController.swift; sourceTree = "<group>"; };
		356E4D322271F0CA00929A9C /* Mock+ChatProvider.swift */ = {isa = PBXFileReference; lastKnownFileType = sourcecode.swift; path = "Mock+ChatProvider.swift"; sourceTree = "<group>"; };
		356E4D342271F8BC00929A9C /* ChatRoomServiceTests.swift */ = {isa = PBXFileReference; lastKnownFileType = sourcecode.swift; path = ChatRoomServiceTests.swift; sourceTree = "<group>"; };
		35765C71223AE60C000B4B8D /* PubNub+Ext.swift */ = {isa = PBXFileReference; fileEncoding = 4; lastKnownFileType = sourcecode.swift; path = "PubNub+Ext.swift"; sourceTree = "<group>"; };
		35765C72223AE60C000B4B8D /* ChatProvider.swift */ = {isa = PBXFileReference; fileEncoding = 4; lastKnownFileType = sourcecode.swift; path = ChatProvider.swift; sourceTree = "<group>"; };
		35765C7A223AE694000B4B8D /* Snippets.xctest */ = {isa = PBXFileReference; explicitFileType = wrapper.cfbundle; includeInIndex = 0; path = Snippets.xctest; sourceTree = BUILT_PRODUCTS_DIR; };
		35765C7E223AE694000B4B8D /* Info.plist */ = {isa = PBXFileReference; lastKnownFileType = text.plist.xml; path = Info.plist; sourceTree = "<group>"; };
		35765C8B224132EE000B4B8D /* ConnectToPubnub.swift */ = {isa = PBXFileReference; lastKnownFileType = sourcecode.swift; path = ConnectToPubnub.swift; sourceTree = "<group>"; };
		35765C8E2241330D000B4B8D /* Messages.swift */ = {isa = PBXFileReference; lastKnownFileType = sourcecode.swift; path = Messages.swift; sourceTree = "<group>"; };
		35765C9022413320000B4B8D /* MessageHistory.swift */ = {isa = PBXFileReference; lastKnownFileType = sourcecode.swift; path = MessageHistory.swift; sourceTree = "<group>"; };
		35765C9222413332000B4B8D /* Presence.swift */ = {isa = PBXFileReference; lastKnownFileType = sourcecode.swift; path = Presence.swift; sourceTree = "<group>"; };
		35765C9422413343000B4B8D /* Authorization.swift */ = {isa = PBXFileReference; lastKnownFileType = sourcecode.swift; path = Authorization.swift; sourceTree = "<group>"; };
		35765C9622413357000B4B8D /* PushNotifications.swift */ = {isa = PBXFileReference; lastKnownFileType = sourcecode.swift; path = PushNotifications.swift; sourceTree = "<group>"; };
		35765C9822413367000B4B8D /* Encryption.swift */ = {isa = PBXFileReference; lastKnownFileType = sourcecode.swift; path = Encryption.swift; sourceTree = "<group>"; };
		35765C9A22413378000B4B8D /* Admin.swift */ = {isa = PBXFileReference; lastKnownFileType = sourcecode.swift; path = Admin.swift; sourceTree = "<group>"; };
		35765C9C224134A5000B4B8D /* ManageChannels.swift */ = {isa = PBXFileReference; lastKnownFileType = sourcecode.swift; path = ManageChannels.swift; sourceTree = "<group>"; };
		359564712264D03B008442A0 /* ChatRoomDetailsViewModel.swift */ = {isa = PBXFileReference; lastKnownFileType = sourcecode.swift; path = ChatRoomDetailsViewModel.swift; sourceTree = "<group>"; };
		3595647622669120008442A0 /* UIColor+Ext.swift */ = {isa = PBXFileReference; lastKnownFileType = sourcecode.swift; path = "UIColor+Ext.swift"; sourceTree = "<group>"; };
		3595647822679F78008442A0 /* PubNub+ChatProvider.swift */ = {isa = PBXFileReference; lastKnownFileType = sourcecode.swift; path = "PubNub+ChatProvider.swift"; sourceTree = "<group>"; };
		3595647E2268E1F4008442A0 /* UserDetailTableViewCell.xib */ = {isa = PBXFileReference; lastKnownFileType = file.xib; path = UserDetailTableViewCell.xib; sourceTree = "<group>"; };
		359564802268E32A008442A0 /* UserDetailTableViewCell.swift */ = {isa = PBXFileReference; lastKnownFileType = sourcecode.swift; path = UserDetailTableViewCell.swift; sourceTree = "<group>"; };
		35AEBF14225E4355005F1D41 /* Bundle+Ext.swift */ = {isa = PBXFileReference; lastKnownFileType = sourcecode.swift; path = "Bundle+Ext.swift"; sourceTree = "<group>"; };
		35AEBF1622601964005F1D41 /* Models+Ext.swift */ = {isa = PBXFileReference; lastKnownFileType = sourcecode.swift; path = "Models+Ext.swift"; sourceTree = "<group>"; };
		35AEBF1D226026F9005F1D41 /* Message+MessageType.swift */ = {isa = PBXFileReference; lastKnownFileType = sourcecode.swift; path = "Message+MessageType.swift"; sourceTree = "<group>"; };
		35AEBF1F226027CC005F1D41 /* User+SenderType.swift */ = {isa = PBXFileReference; lastKnownFileType = sourcecode.swift; path = "User+SenderType.swift"; sourceTree = "<group>"; };
		35CB460A227B66DB002E98E7 /* DateFormatter+Message.swift */ = {isa = PBXFileReference; lastKnownFileType = sourcecode.swift; path = "DateFormatter+Message.swift"; sourceTree = "<group>"; };
		35E54743224BF0DB0086FB8F /* AnimalForestChat.debug.xcconfig */ = {isa = PBXFileReference; fileEncoding = 4; lastKnownFileType = text.xcconfig; path = AnimalForestChat.debug.xcconfig; sourceTree = "<group>"; };
		35E54744224BF0DB0086FB8F /* AnimalForestChat.release.xcconfig */ = {isa = PBXFileReference; fileEncoding = 4; lastKnownFileType = text.xcconfig; path = AnimalForestChat.release.xcconfig; sourceTree = "<group>"; };
		35E547742252B3670086FB8F /* User.swift */ = {isa = PBXFileReference; lastKnownFileType = sourcecode.swift; path = User.swift; sourceTree = "<group>"; };
		452F09FFF80047D14609679F /* Pods-AnimalForestChatTests.release.xcconfig */ = {isa = PBXFileReference; includeInIndex = 1; lastKnownFileType = text.xcconfig; name = "Pods-AnimalForestChatTests.release.xcconfig"; path = "Target Support Files/Pods-AnimalForestChatTests/Pods-AnimalForestChatTests.release.xcconfig"; sourceTree = "<group>"; };
		63B3425A694B77E8E5334191 /* Pods-AnimalForestChat.release.xcconfig */ = {isa = PBXFileReference; includeInIndex = 1; lastKnownFileType = text.xcconfig; name = "Pods-AnimalForestChat.release.xcconfig"; path = "Target Support Files/Pods-AnimalForestChat/Pods-AnimalForestChat.release.xcconfig"; sourceTree = "<group>"; };
		797416C0225AAAC400D677B9 /* PNTestCase.swift */ = {isa = PBXFileReference; lastKnownFileType = sourcecode.swift; path = PNTestCase.swift; sourceTree = "<group>"; };
		7C3549B27303BBF7606A565F /* Pods_AnimalForestChatTests.framework */ = {isa = PBXFileReference; explicitFileType = wrapper.framework; includeInIndex = 0; path = Pods_AnimalForestChatTests.framework; sourceTree = BUILT_PRODUCTS_DIR; };
		86CFA574AEF9338AF57FCD1B /* Pods-AnimalForestChatTests.debug.xcconfig */ = {isa = PBXFileReference; includeInIndex = 1; lastKnownFileType = text.xcconfig; name = "Pods-AnimalForestChatTests.debug.xcconfig"; path = "Target Support Files/Pods-AnimalForestChatTests/Pods-AnimalForestChatTests.debug.xcconfig"; sourceTree = "<group>"; };
		8EFA8767D6EE39A43C71275D /* Pods-AnimalForestChat.debug.xcconfig */ = {isa = PBXFileReference; includeInIndex = 1; lastKnownFileType = text.xcconfig; name = "Pods-AnimalForestChat.debug.xcconfig"; path = "Target Support Files/Pods-AnimalForestChat/Pods-AnimalForestChat.debug.xcconfig"; sourceTree = "<group>"; };
		BD536DC65B4553C749122A97 /* Pods_AnimalForestChat.framework */ = {isa = PBXFileReference; explicitFileType = wrapper.framework; includeInIndex = 0; path = Pods_AnimalForestChat.framework; sourceTree = BUILT_PRODUCTS_DIR; };
		D737169665141BC8A01EF944 /* Pods_Snippets.framework */ = {isa = PBXFileReference; explicitFileType = wrapper.framework; includeInIndex = 0; path = Pods_Snippets.framework; sourceTree = BUILT_PRODUCTS_DIR; };
		DD0CB74CFBF3790EB4421DBB /* Pods-Snippets.debug.xcconfig */ = {isa = PBXFileReference; includeInIndex = 1; lastKnownFileType = text.xcconfig; name = "Pods-Snippets.debug.xcconfig"; path = "Target Support Files/Pods-Snippets/Pods-Snippets.debug.xcconfig"; sourceTree = "<group>"; };
/* End PBXFileReference section */

/* Begin PBXFrameworksBuildPhase section */
		35525718223852930095AAFD /* Frameworks */ = {
			isa = PBXFrameworksBuildPhase;
			buildActionMask = 2147483647;
			files = (
				EA63A70A3827B3B41FF67C14 /* Pods_AnimalForestChat.framework in Frameworks */,
			);
			runOnlyForDeploymentPostprocessing = 0;
		};
		3552572B223852970095AAFD /* Frameworks */ = {
			isa = PBXFrameworksBuildPhase;
			buildActionMask = 2147483647;
			files = (
				A4EE484D05A8227588C08232 /* Pods_AnimalForestChatTests.framework in Frameworks */,
			);
			runOnlyForDeploymentPostprocessing = 0;
		};
		35765C77223AE694000B4B8D /* Frameworks */ = {
			isa = PBXFrameworksBuildPhase;
			buildActionMask = 2147483647;
			files = (
				00AB5F85B7C9C0A053F447F0 /* Pods_Snippets.framework in Frameworks */,
			);
			runOnlyForDeploymentPostprocessing = 0;
		};
/* End PBXFrameworksBuildPhase section */

/* Begin PBXGroup section */
		354C52082253CC970062EEC7 /* Providers */ = {
			isa = PBXGroup;
			children = (
				35765C72223AE60C000B4B8D /* ChatProvider.swift */,
				3595647822679F78008442A0 /* PubNub+ChatProvider.swift */,
			);
			path = Providers;
			sourceTree = "<group>";
		};
		355256F62237FDA40095AAFD = {
			isa = PBXGroup;
			children = (
				35461A7A223A9A1900B59EB6 /* README.md */,
				35765C69223AE323000B4B8D /* Documentation Code Snippets */,
				3552571C223852930095AAFD /* Animal Forest Chat */,
				355257042237FF420095AAFD /* Products */,
				C696971A976BA20BB837FD14 /* Pods */,
				E3D736371EEBA975A96B630A /* Frameworks */,
			);
			sourceTree = "<group>";
		};
		355257042237FF420095AAFD /* Products */ = {
			isa = PBXGroup;
			children = (
				3552571B223852930095AAFD /* AnimalForestChat.app */,
				3552572E223852970095AAFD /* AnimalForestChatTests.xctest */,
				35765C7A223AE694000B4B8D /* Snippets.xctest */,
			);
			name = Products;
			sourceTree = "<group>";
		};
		3552571C223852930095AAFD /* Animal Forest Chat */ = {
			isa = PBXGroup;
			children = (
				3552571D223852930095AAFD /* AppDelegate.swift */,
				35E547732252B2A80086FB8F /* Models */,
				354C52082253CC970062EEC7 /* Providers */,
				35583660225698B20053E1F9 /* Services */,
				3558365D2256764B0053E1F9 /* ViewModels */,
				35583661225698D00053E1F9 /* View Controllers */,
				359564752265193E008442A0 /* Helpers */,
				35525729223852970095AAFD /* Info.plist */,
				35E5474B224D6CD60086FB8F /* Resources */,
				35E54742224BF0950086FB8F /* Supporting Files */,
				35765C85223AE768000B4B8D /* Tests */,
			);
			name = "Animal Forest Chat";
			path = Examples/AnimalForestChat;
			sourceTree = "<group>";
		};
		3558365D2256764B0053E1F9 /* ViewModels */ = {
			isa = PBXGroup;
			children = (
				3558365E2256766C0053E1F9 /* ChatViewModel.swift */,
				359564712264D03B008442A0 /* ChatRoomDetailsViewModel.swift */,
			);
			path = ViewModels;
			sourceTree = "<group>";
		};
		35583660225698B20053E1F9 /* Services */ = {
			isa = PBXGroup;
			children = (
				3558366A225BE7F00053E1F9 /* AppStateService.swift */,
				355836642256A3300053E1F9 /* ChatRoomService.swift */,
			);
			path = Services;
			sourceTree = "<group>";
		};
		35583661225698D00053E1F9 /* View Controllers */ = {
			isa = PBXGroup;
			children = (
				3574F2CD2268FD07006EC9A5 /* TableViewCells */,
				3552571F223852930095AAFD /* ChatViewController.swift */,
				3558366C225BEFAA0053E1F9 /* ChatRoomDetailsViewController.swift */,
			);
			path = "View Controllers";
			sourceTree = "<group>";
		};
		3574F2CD2268FD07006EC9A5 /* TableViewCells */ = {
			isa = PBXGroup;
			children = (
				359564802268E32A008442A0 /* UserDetailTableViewCell.swift */,
			);
			path = TableViewCells;
			sourceTree = "<group>";
		};
		3574F2CE2268FD22006EC9A5 /* Nibs */ = {
			isa = PBXGroup;
			children = (
				3595647E2268E1F4008442A0 /* UserDetailTableViewCell.xib */,
			);
			path = Nibs;
			sourceTree = "<group>";
		};
		35765C69223AE323000B4B8D /* Documentation Code Snippets */ = {
			isa = PBXGroup;
			children = (
				35765C89223FF5B4000B4B8D /* ChatResourceCenter */,
				35765C7E223AE694000B4B8D /* Info.plist */,
			);
			name = "Documentation Code Snippets";
			path = Snippets;
			sourceTree = "<group>";
		};
		35765C85223AE768000B4B8D /* Tests */ = {
			isa = PBXGroup;
			children = (
				356E4D342271F8BC00929A9C /* ChatRoomServiceTests.swift */,
				356E4D322271F0CA00929A9C /* Mock+ChatProvider.swift */,
				35525734223852970095AAFD /* Info.plist */,
			);
			path = Tests;
			sourceTree = "<group>";
		};
		35765C89223FF5B4000B4B8D /* ChatResourceCenter */ = {
			isa = PBXGroup;
			children = (
				79BFB2E12271B35200771EA0 /* Resources */,
				797416C0225AAAC400D677B9 /* PNTestCase.swift */,
				35765C8B224132EE000B4B8D /* ConnectToPubnub.swift */,
				35765C9C224134A5000B4B8D /* ManageChannels.swift */,
				35765C8E2241330D000B4B8D /* Messages.swift */,
				35765C9022413320000B4B8D /* MessageHistory.swift */,
				35765C9222413332000B4B8D /* Presence.swift */,
				35765C9422413343000B4B8D /* Authorization.swift */,
				35765C9622413357000B4B8D /* PushNotifications.swift */,
				35765C9822413367000B4B8D /* Encryption.swift */,
				35765C9A22413378000B4B8D /* Admin.swift */,
			);
			path = ChatResourceCenter;
			sourceTree = "<group>";
		};
		359564752265193E008442A0 /* Helpers */ = {
			isa = PBXGroup;
			children = (
				35AEBF14225E4355005F1D41 /* Bundle+Ext.swift */,
				35CB460A227B66DB002E98E7 /* DateFormatter+Message.swift */,
				35765C71223AE60C000B4B8D /* PubNub+Ext.swift */,
				3595647622669120008442A0 /* UIColor+Ext.swift */,
			);
			path = Helpers;
			sourceTree = "<group>";
		};
		35AEBF1C226026CB005F1D41 /* MessageKit */ = {
			isa = PBXGroup;
			children = (
				35AEBF1D226026F9005F1D41 /* Message+MessageType.swift */,
				35AEBF1F226027CC005F1D41 /* User+SenderType.swift */,
			);
			path = MessageKit;
			sourceTree = "<group>";
		};
		35E54742224BF0950086FB8F /* Supporting Files */ = {
			isa = PBXGroup;
			children = (
				35E54743224BF0DB0086FB8F /* AnimalForestChat.debug.xcconfig */,
				35E54744224BF0DB0086FB8F /* AnimalForestChat.release.xcconfig */,
			);
			path = "Supporting Files";
			sourceTree = "<group>";
		};
		35E5474B224D6CD60086FB8F /* Resources */ = {
			isa = PBXGroup;
			children = (
				3574F2CE2268FD22006EC9A5 /* Nibs */,
				35525721223852930095AAFD /* Main.storyboard */,
				35525724223852970095AAFD /* Assets.xcassets */,
			);
			path = Resources;
			sourceTree = "<group>";
		};
		35E547732252B2A80086FB8F /* Models */ = {
			isa = PBXGroup;
			children = (
				35AEBF1622601964005F1D41 /* Models+Ext.swift */,
				3503C39B227A6CD7009ADD82 /* Models+Displayable.swift */,
				3530F6922274A7A800D1AED3 /* ChatRoom.swift */,
				355836622256A2410053E1F9 /* Message.swift */,
				35E547742252B3670086FB8F /* User.swift */,
				35AEBF1C226026CB005F1D41 /* MessageKit */,
			);
			path = Models;
			sourceTree = "<group>";
		};
		79BFB2E12271B35200771EA0 /* Resources */ = {
			isa = PBXGroup;
			children = (
				14B3227422C3F0F400D4D4EB /* keysset.plist */,
			);
			path = Resources;
			sourceTree = "<group>";
		};
		C696971A976BA20BB837FD14 /* Pods */ = {
			isa = PBXGroup;
			children = (
				8EFA8767D6EE39A43C71275D /* Pods-AnimalForestChat.debug.xcconfig */,
				63B3425A694B77E8E5334191 /* Pods-AnimalForestChat.release.xcconfig */,
				86CFA574AEF9338AF57FCD1B /* Pods-AnimalForestChatTests.debug.xcconfig */,
				452F09FFF80047D14609679F /* Pods-AnimalForestChatTests.release.xcconfig */,
				DD0CB74CFBF3790EB4421DBB /* Pods-Snippets.debug.xcconfig */,
				25181EF28B5E0BDCE9C61929 /* Pods-Snippets.release.xcconfig */,
			);
			path = Pods;
			sourceTree = "<group>";
		};
		E3D736371EEBA975A96B630A /* Frameworks */ = {
			isa = PBXGroup;
			children = (
				BD536DC65B4553C749122A97 /* Pods_AnimalForestChat.framework */,
				7C3549B27303BBF7606A565F /* Pods_AnimalForestChatTests.framework */,
				D737169665141BC8A01EF944 /* Pods_Snippets.framework */,
			);
			name = Frameworks;
			sourceTree = "<group>";
		};
/* End PBXGroup section */

/* Begin PBXNativeTarget section */
		3552571A223852930095AAFD /* AnimalForestChat */ = {
			isa = PBXNativeTarget;
			buildConfigurationList = 35525735223852970095AAFD /* Build configuration list for PBXNativeTarget "AnimalForestChat" */;
			buildPhases = (
				BAEBB6FA58543EA74735ED91 /* [CP] Check Pods Manifest.lock */,
				35525717223852930095AAFD /* Sources */,
				35525718223852930095AAFD /* Frameworks */,
				35525719223852930095AAFD /* Resources */,
				35E54749224C04930086FB8F /* SwiftLint */,
				B1EF58C5D606318352054DB1 /* [CP] Embed Pods Frameworks */,
			);
			buildRules = (
			);
			dependencies = (
			);
			name = AnimalForestChat;
			productName = "chat-example";
			productReference = 3552571B223852930095AAFD /* AnimalForestChat.app */;
			productType = "com.apple.product-type.application";
		};
		3552572D223852970095AAFD /* AnimalForestChatTests */ = {
			isa = PBXNativeTarget;
			buildConfigurationList = 35525738223852970095AAFD /* Build configuration list for PBXNativeTarget "AnimalForestChatTests" */;
			buildPhases = (
				B63677F0E5D6A8FCA5D80405 /* [CP] Check Pods Manifest.lock */,
				3552572A223852970095AAFD /* Sources */,
				3552572B223852970095AAFD /* Frameworks */,
				3552572C223852970095AAFD /* Resources */,
				580F951D23231EB878BDF58E /* [CP] Embed Pods Frameworks */,
			);
			buildRules = (
			);
			dependencies = (
				35525730223852970095AAFD /* PBXTargetDependency */,
			);
			name = AnimalForestChatTests;
			productName = "chat-exampleTests";
			productReference = 3552572E223852970095AAFD /* AnimalForestChatTests.xctest */;
			productType = "com.apple.product-type.bundle.unit-test";
		};
		35765C79223AE694000B4B8D /* Snippets */ = {
			isa = PBXNativeTarget;
			buildConfigurationList = 35765C7F223AE694000B4B8D /* Build configuration list for PBXNativeTarget "Snippets" */;
			buildPhases = (
				189917A5639702369BFC573E /* [CP] Check Pods Manifest.lock */,
				79BFB2E42271BCA200771EA0 /* Create keys set */,
				35765C76223AE694000B4B8D /* Sources */,
				35765C77223AE694000B4B8D /* Frameworks */,
				35765C78223AE694000B4B8D /* Resources */,
				35765C88223AFEB9000B4B8D /* SwiftLint */,
				8BD9B018E54E45286625F807 /* [CP] Embed Pods Frameworks */,
			);
			buildRules = (
			);
			dependencies = (
			);
			name = Snippets;
			productName = Snippets;
			productReference = 35765C7A223AE694000B4B8D /* Snippets.xctest */;
			productType = "com.apple.product-type.bundle.unit-test";
		};
/* End PBXNativeTarget section */

/* Begin PBXProject section */
		355256F72237FDA40095AAFD /* Project object */ = {
			isa = PBXProject;
			attributes = {
				LastSwiftUpdateCheck = 1010;
				LastUpgradeCheck = 1020;
				TargetAttributes = {
					3552571A223852930095AAFD = {
						CreatedOnToolsVersion = 10.2;
					};
					3552572D223852970095AAFD = {
						CreatedOnToolsVersion = 10.2;
						TestTargetID = 3552571A223852930095AAFD;
					};
					35765C79223AE694000B4B8D = {
						CreatedOnToolsVersion = 10.1;
					};
				};
			};
			buildConfigurationList = 355256FA2237FDA40095AAFD /* Build configuration list for PBXProject "chat-examples-swift" */;
			compatibilityVersion = "Xcode 9.3";
			developmentRegion = en;
			hasScannedForEncodings = 0;
			knownRegions = (
				en,
				Base,
			);
			mainGroup = 355256F62237FDA40095AAFD;
			productRefGroup = 355257042237FF420095AAFD /* Products */;
			projectDirPath = "";
			projectRoot = "";
			targets = (
				3552571A223852930095AAFD /* AnimalForestChat */,
				3552572D223852970095AAFD /* AnimalForestChatTests */,
				35765C79223AE694000B4B8D /* Snippets */,
			);
		};
/* End PBXProject section */

/* Begin PBXResourcesBuildPhase section */
		35525719223852930095AAFD /* Resources */ = {
			isa = PBXResourcesBuildPhase;
			buildActionMask = 2147483647;
			files = (
				35525725223852970095AAFD /* Assets.xcassets in Resources */,
				3595647F2268E1F4008442A0 /* UserDetailTableViewCell.xib in Resources */,
				35525723223852930095AAFD /* Main.storyboard in Resources */,
				14B3227522C3F0F400D4D4EB /* keysset.plist in Resources */,
			);
			runOnlyForDeploymentPostprocessing = 0;
		};
		3552572C223852970095AAFD /* Resources */ = {
			isa = PBXResourcesBuildPhase;
			buildActionMask = 2147483647;
			files = (
			);
			runOnlyForDeploymentPostprocessing = 0;
		};
		35765C78223AE694000B4B8D /* Resources */ = {
			isa = PBXResourcesBuildPhase;
			buildActionMask = 2147483647;
			files = (
				14B3227722C40ECA00D4D4EB /* keysset.plist in Resources */,
			);
			runOnlyForDeploymentPostprocessing = 0;
		};
/* End PBXResourcesBuildPhase section */

/* Begin PBXShellScriptBuildPhase section */
		189917A5639702369BFC573E /* [CP] Check Pods Manifest.lock */ = {
			isa = PBXShellScriptBuildPhase;
			buildActionMask = 2147483647;
			files = (
			);
			inputFileListPaths = (
			);
			inputPaths = (
				"${PODS_PODFILE_DIR_PATH}/Podfile.lock",
				"${PODS_ROOT}/Manifest.lock",
			);
			name = "[CP] Check Pods Manifest.lock";
			outputFileListPaths = (
			);
			outputPaths = (
				"$(DERIVED_FILE_DIR)/Pods-Snippets-checkManifestLockResult.txt",
			);
			runOnlyForDeploymentPostprocessing = 0;
			shellPath = /bin/sh;
			shellScript = "diff \"${PODS_PODFILE_DIR_PATH}/Podfile.lock\" \"${PODS_ROOT}/Manifest.lock\" > /dev/null\nif [ $? != 0 ] ; then\n    # print error to STDERR\n    echo \"error: The sandbox is not in sync with the Podfile.lock. Run 'pod install' or update your CocoaPods installation.\" >&2\n    exit 1\nfi\n# This output is used by Xcode 'outputs' to avoid re-running this script phase.\necho \"SUCCESS\" > \"${SCRIPT_OUTPUT_FILE_0}\"\n";
			showEnvVarsInLog = 0;
		};
		35765C88223AFEB9000B4B8D /* SwiftLint */ = {
			isa = PBXShellScriptBuildPhase;
			buildActionMask = 2147483647;
			files = (
			);
			inputFileListPaths = (
			);
			inputPaths = (
			);
			name = SwiftLint;
			outputFileListPaths = (
			);
			outputPaths = (
			);
			runOnlyForDeploymentPostprocessing = 0;
			shellPath = /bin/sh;
			shellScript = "# Type a script or drag a script file from your workspace to insert its path.\nif which \"${PODS_ROOT}/SwiftLint/swiftlint\" >/dev/null; then\n    \"${PODS_ROOT}/SwiftLint/swiftlint\"\nelse\n    echo \"warning: SwiftLint not installed, download from https://github.com/realm/SwiftLint\"\nfi\n";
		};
		35E54749224C04930086FB8F /* SwiftLint */ = {
			isa = PBXShellScriptBuildPhase;
			buildActionMask = 2147483647;
			files = (
			);
			inputFileListPaths = (
			);
			inputPaths = (
			);
			name = SwiftLint;
			outputFileListPaths = (
			);
			outputPaths = (
			);
			runOnlyForDeploymentPostprocessing = 0;
			shellPath = /bin/sh;
			shellScript = "# Type a script or drag a script file from your workspace to insert its path.\nif which \"${PODS_ROOT}/SwiftLint/swiftlint\" >/dev/null; then\n    \"${PODS_ROOT}/SwiftLint/swiftlint\"\nelse\n    echo \"warning: SwiftLint not installed, download from https://github.com/realm/SwiftLint\"\nfi\n";
		};
		580F951D23231EB878BDF58E /* [CP] Embed Pods Frameworks */ = {
			isa = PBXShellScriptBuildPhase;
			buildActionMask = 2147483647;
			files = (
			);
			inputFileListPaths = (
				"${PODS_ROOT}/Target Support Files/Pods-AnimalForestChatTests/Pods-AnimalForestChatTests-frameworks-${CONFIGURATION}-input-files.xcfilelist",
			);
			name = "[CP] Embed Pods Frameworks";
			outputFileListPaths = (
				"${PODS_ROOT}/Target Support Files/Pods-AnimalForestChatTests/Pods-AnimalForestChatTests-frameworks-${CONFIGURATION}-output-files.xcfilelist",
			);
			runOnlyForDeploymentPostprocessing = 0;
			shellPath = /bin/sh;
			shellScript = "\"${PODS_ROOT}/Target Support Files/Pods-AnimalForestChatTests/Pods-AnimalForestChatTests-frameworks.sh\"\n";
			showEnvVarsInLog = 0;
		};
		79BFB2E42271BCA200771EA0 /* Create keys set */ = {
			isa = PBXShellScriptBuildPhase;
			buildActionMask = 2147483647;
			files = (
			);
			inputFileListPaths = (
			);
			inputPaths = (
			);
			name = "Create keys set";
			outputFileListPaths = (
			);
			outputPaths = (
			);
			runOnlyForDeploymentPostprocessing = 0;
			shellPath = /bin/sh;
			shellScript = "# Type a script or drag a script file from your workspace to insert its path.\necho $CI\n";
		};
		8BD9B018E54E45286625F807 /* [CP] Embed Pods Frameworks */ = {
			isa = PBXShellScriptBuildPhase;
			buildActionMask = 2147483647;
			files = (
			);
			inputFileListPaths = (
				"${PODS_ROOT}/Target Support Files/Pods-Snippets/Pods-Snippets-frameworks-${CONFIGURATION}-input-files.xcfilelist",
			);
			name = "[CP] Embed Pods Frameworks";
			outputFileListPaths = (
				"${PODS_ROOT}/Target Support Files/Pods-Snippets/Pods-Snippets-frameworks-${CONFIGURATION}-output-files.xcfilelist",
			);
			runOnlyForDeploymentPostprocessing = 0;
			shellPath = /bin/sh;
			shellScript = "\"${PODS_ROOT}/Target Support Files/Pods-Snippets/Pods-Snippets-frameworks.sh\"\n";
			showEnvVarsInLog = 0;
		};
		B1EF58C5D606318352054DB1 /* [CP] Embed Pods Frameworks */ = {
			isa = PBXShellScriptBuildPhase;
			buildActionMask = 2147483647;
			files = (
			);
			inputFileListPaths = (
				"${PODS_ROOT}/Target Support Files/Pods-AnimalForestChat/Pods-AnimalForestChat-frameworks-${CONFIGURATION}-input-files.xcfilelist",
			);
			name = "[CP] Embed Pods Frameworks";
			outputFileListPaths = (
				"${PODS_ROOT}/Target Support Files/Pods-AnimalForestChat/Pods-AnimalForestChat-frameworks-${CONFIGURATION}-output-files.xcfilelist",
			);
			runOnlyForDeploymentPostprocessing = 0;
			shellPath = /bin/sh;
			shellScript = "\"${PODS_ROOT}/Target Support Files/Pods-AnimalForestChat/Pods-AnimalForestChat-frameworks.sh\"\n";
			showEnvVarsInLog = 0;
		};
		B63677F0E5D6A8FCA5D80405 /* [CP] Check Pods Manifest.lock */ = {
			isa = PBXShellScriptBuildPhase;
			buildActionMask = 2147483647;
			files = (
			);
			inputFileListPaths = (
			);
			inputPaths = (
				"${PODS_PODFILE_DIR_PATH}/Podfile.lock",
				"${PODS_ROOT}/Manifest.lock",
			);
			name = "[CP] Check Pods Manifest.lock";
			outputFileListPaths = (
			);
			outputPaths = (
				"$(DERIVED_FILE_DIR)/Pods-AnimalForestChatTests-checkManifestLockResult.txt",
			);
			runOnlyForDeploymentPostprocessing = 0;
			shellPath = /bin/sh;
			shellScript = "diff \"${PODS_PODFILE_DIR_PATH}/Podfile.lock\" \"${PODS_ROOT}/Manifest.lock\" > /dev/null\nif [ $? != 0 ] ; then\n    # print error to STDERR\n    echo \"error: The sandbox is not in sync with the Podfile.lock. Run 'pod install' or update your CocoaPods installation.\" >&2\n    exit 1\nfi\n# This output is used by Xcode 'outputs' to avoid re-running this script phase.\necho \"SUCCESS\" > \"${SCRIPT_OUTPUT_FILE_0}\"\n";
			showEnvVarsInLog = 0;
		};
		BAEBB6FA58543EA74735ED91 /* [CP] Check Pods Manifest.lock */ = {
			isa = PBXShellScriptBuildPhase;
			buildActionMask = 2147483647;
			files = (
			);
			inputFileListPaths = (
			);
			inputPaths = (
				"${PODS_PODFILE_DIR_PATH}/Podfile.lock",
				"${PODS_ROOT}/Manifest.lock",
			);
			name = "[CP] Check Pods Manifest.lock";
			outputFileListPaths = (
			);
			outputPaths = (
				"$(DERIVED_FILE_DIR)/Pods-AnimalForestChat-checkManifestLockResult.txt",
			);
			runOnlyForDeploymentPostprocessing = 0;
			shellPath = /bin/sh;
			shellScript = "diff \"${PODS_PODFILE_DIR_PATH}/Podfile.lock\" \"${PODS_ROOT}/Manifest.lock\" > /dev/null\nif [ $? != 0 ] ; then\n    # print error to STDERR\n    echo \"error: The sandbox is not in sync with the Podfile.lock. Run 'pod install' or update your CocoaPods installation.\" >&2\n    exit 1\nfi\n# This output is used by Xcode 'outputs' to avoid re-running this script phase.\necho \"SUCCESS\" > \"${SCRIPT_OUTPUT_FILE_0}\"\n";
			showEnvVarsInLog = 0;
		};
/* End PBXShellScriptBuildPhase section */

/* Begin PBXSourcesBuildPhase section */
		35525717223852930095AAFD /* Sources */ = {
			isa = PBXSourcesBuildPhase;
			buildActionMask = 2147483647;
			files = (
				3503C39C227A6CD7009ADD82 /* Models+Displayable.swift in Sources */,
				359564812268E32A008442A0 /* UserDetailTableViewCell.swift in Sources */,
				35E5474A224C07CA0086FB8F /* ChatProvider.swift in Sources */,
				35525720223852930095AAFD /* ChatViewController.swift in Sources */,
				355836652256A3300053E1F9 /* ChatRoomService.swift in Sources */,
				3558366D225BEFAA0053E1F9 /* ChatRoomDetailsViewController.swift in Sources */,
				35E547752252B3670086FB8F /* User.swift in Sources */,
				35AEBF20226027CC005F1D41 /* User+SenderType.swift in Sources */,
				3595647722669120008442A0 /* UIColor+Ext.swift in Sources */,
				35CB460B227B66DB002E98E7 /* DateFormatter+Message.swift in Sources */,
				3558366B225BE7F00053E1F9 /* AppStateService.swift in Sources */,
				355836632256A2410053E1F9 /* Message.swift in Sources */,
				3595647922679F78008442A0 /* PubNub+ChatProvider.swift in Sources */,
				3552571E223852930095AAFD /* AppDelegate.swift in Sources */,
				35AEBF15225E4355005F1D41 /* Bundle+Ext.swift in Sources */,
				35765C8A223FF5EE000B4B8D /* PubNub+Ext.swift in Sources */,
				35AEBF1E226026F9005F1D41 /* Message+MessageType.swift in Sources */,
				359564722264D03B008442A0 /* ChatRoomDetailsViewModel.swift in Sources */,
				35AEBF1722601964005F1D41 /* Models+Ext.swift in Sources */,
				3530F6932274A7A800D1AED3 /* ChatRoom.swift in Sources */,
				3558365F2256766C0053E1F9 /* ChatViewModel.swift in Sources */,
			);
			runOnlyForDeploymentPostprocessing = 0;
		};
		3552572A223852970095AAFD /* Sources */ = {
			isa = PBXSourcesBuildPhase;
			buildActionMask = 2147483647;
			files = (
				3530F691227219BC00D1AED3 /* Mock+ChatProvider.swift in Sources */,
				3530F68F227219B600D1AED3 /* ChatRoomServiceTests.swift in Sources */,
			);
			runOnlyForDeploymentPostprocessing = 0;
		};
		35765C76223AE694000B4B8D /* Sources */ = {
			isa = PBXSourcesBuildPhase;
			buildActionMask = 2147483647;
			files = (
				35765C8F2241330D000B4B8D /* Messages.swift in Sources */,
				35765C9D224134A5000B4B8D /* ManageChannels.swift in Sources */,
				35765C9B22413378000B4B8D /* Admin.swift in Sources */,
				35765C9922413367000B4B8D /* Encryption.swift in Sources */,
				35765C9122413320000B4B8D /* MessageHistory.swift in Sources */,
				35765C9722413357000B4B8D /* PushNotifications.swift in Sources */,
				35765C9322413332000B4B8D /* Presence.swift in Sources */,
				35765C9522413343000B4B8D /* Authorization.swift in Sources */,
				35765C8C224132EE000B4B8D /* ConnectToPubnub.swift in Sources */,
				797416C1225AAAC400D677B9 /* PNTestCase.swift in Sources */,
			);
			runOnlyForDeploymentPostprocessing = 0;
		};
/* End PBXSourcesBuildPhase section */

/* Begin PBXTargetDependency section */
		35525730223852970095AAFD /* PBXTargetDependency */ = {
			isa = PBXTargetDependency;
			target = 3552571A223852930095AAFD /* AnimalForestChat */;
			targetProxy = 3552572F223852970095AAFD /* PBXContainerItemProxy */;
		};
/* End PBXTargetDependency section */

/* Begin PBXVariantGroup section */
		35525721223852930095AAFD /* Main.storyboard */ = {
			isa = PBXVariantGroup;
			children = (
				35525722223852930095AAFD /* Base */,
			);
			name = Main.storyboard;
			sourceTree = "<group>";
		};
/* End PBXVariantGroup section */

/* Begin XCBuildConfiguration section */
		355256FB2237FDA40095AAFD /* Debug */ = {
			isa = XCBuildConfiguration;
			buildSettings = {
				CLANG_WARN_BLOCK_CAPTURE_AUTORELEASING = YES;
				CLANG_WARN_BOOL_CONVERSION = YES;
				CLANG_WARN_COMMA = YES;
				CLANG_WARN_CONSTANT_CONVERSION = YES;
				CLANG_WARN_DEPRECATED_OBJC_IMPLEMENTATIONS = YES;
				CLANG_WARN_EMPTY_BODY = YES;
				CLANG_WARN_ENUM_CONVERSION = YES;
				CLANG_WARN_INFINITE_RECURSION = YES;
				CLANG_WARN_INT_CONVERSION = YES;
				CLANG_WARN_NON_LITERAL_NULL_CONVERSION = YES;
				CLANG_WARN_OBJC_IMPLICIT_RETAIN_SELF = YES;
				CLANG_WARN_OBJC_LITERAL_CONVERSION = YES;
				CLANG_WARN_RANGE_LOOP_ANALYSIS = YES;
				CLANG_WARN_STRICT_PROTOTYPES = YES;
				CLANG_WARN_SUSPICIOUS_MOVE = YES;
				CLANG_WARN_UNREACHABLE_CODE = YES;
				CLANG_WARN__DUPLICATE_METHOD_MATCH = YES;
				ENABLE_STRICT_OBJC_MSGSEND = YES;
				ENABLE_TESTABILITY = YES;
				GCC_NO_COMMON_BLOCKS = YES;
				GCC_WARN_64_TO_32_BIT_CONVERSION = YES;
				GCC_WARN_ABOUT_RETURN_TYPE = YES;
				GCC_WARN_UNDECLARED_SELECTOR = YES;
				GCC_WARN_UNINITIALIZED_AUTOS = YES;
				GCC_WARN_UNUSED_FUNCTION = YES;
				GCC_WARN_UNUSED_VARIABLE = YES;
				IPHONEOS_DEPLOYMENT_TARGET = 9.0;
				ONLY_ACTIVE_ARCH = YES;
				SWIFT_VERSION = 5.0;
			};
			name = Debug;
		};
		355256FC2237FDA40095AAFD /* Release */ = {
			isa = XCBuildConfiguration;
			buildSettings = {
				CLANG_WARN_BLOCK_CAPTURE_AUTORELEASING = YES;
				CLANG_WARN_BOOL_CONVERSION = YES;
				CLANG_WARN_COMMA = YES;
				CLANG_WARN_CONSTANT_CONVERSION = YES;
				CLANG_WARN_DEPRECATED_OBJC_IMPLEMENTATIONS = YES;
				CLANG_WARN_EMPTY_BODY = YES;
				CLANG_WARN_ENUM_CONVERSION = YES;
				CLANG_WARN_INFINITE_RECURSION = YES;
				CLANG_WARN_INT_CONVERSION = YES;
				CLANG_WARN_NON_LITERAL_NULL_CONVERSION = YES;
				CLANG_WARN_OBJC_IMPLICIT_RETAIN_SELF = YES;
				CLANG_WARN_OBJC_LITERAL_CONVERSION = YES;
				CLANG_WARN_RANGE_LOOP_ANALYSIS = YES;
				CLANG_WARN_STRICT_PROTOTYPES = YES;
				CLANG_WARN_SUSPICIOUS_MOVE = YES;
				CLANG_WARN_UNREACHABLE_CODE = YES;
				CLANG_WARN__DUPLICATE_METHOD_MATCH = YES;
				ENABLE_STRICT_OBJC_MSGSEND = YES;
				GCC_NO_COMMON_BLOCKS = YES;
				GCC_WARN_64_TO_32_BIT_CONVERSION = YES;
				GCC_WARN_ABOUT_RETURN_TYPE = YES;
				GCC_WARN_UNDECLARED_SELECTOR = YES;
				GCC_WARN_UNINITIALIZED_AUTOS = YES;
				GCC_WARN_UNUSED_FUNCTION = YES;
				GCC_WARN_UNUSED_VARIABLE = YES;
				IPHONEOS_DEPLOYMENT_TARGET = 9.0;
				SWIFT_VERSION = 5.0;
			};
			name = Release;
		};
		35525736223852970095AAFD /* Debug */ = {
			isa = XCBuildConfiguration;
			baseConfigurationReference = 35E54743224BF0DB0086FB8F /* AnimalForestChat.debug.xcconfig */;
			buildSettings = {
				ALWAYS_SEARCH_USER_PATHS = NO;
				ASSETCATALOG_COMPILER_APPICON_NAME = AppIcon;
				ASSETCATALOG_COMPILER_LAUNCHIMAGE_NAME = LaunchImage;
				CLANG_ANALYZER_NONNULL = YES;
				CLANG_ANALYZER_NUMBER_OBJECT_CONVERSION = YES_AGGRESSIVE;
				CLANG_CXX_LANGUAGE_STANDARD = "gnu++14";
				CLANG_CXX_LIBRARY = "libc++";
				CLANG_ENABLE_MODULES = YES;
				CLANG_ENABLE_OBJC_ARC = YES;
				CLANG_ENABLE_OBJC_WEAK = YES;
				CLANG_WARN_BLOCK_CAPTURE_AUTORELEASING = YES;
				CLANG_WARN_BOOL_CONVERSION = YES;
				CLANG_WARN_COMMA = YES;
				CLANG_WARN_CONSTANT_CONVERSION = YES;
				CLANG_WARN_DEPRECATED_OBJC_IMPLEMENTATIONS = YES;
				CLANG_WARN_DIRECT_OBJC_ISA_USAGE = YES_ERROR;
				CLANG_WARN_DOCUMENTATION_COMMENTS = YES;
				CLANG_WARN_EMPTY_BODY = YES;
				CLANG_WARN_ENUM_CONVERSION = YES;
				CLANG_WARN_INFINITE_RECURSION = YES;
				CLANG_WARN_INT_CONVERSION = YES;
				CLANG_WARN_NON_LITERAL_NULL_CONVERSION = YES;
				CLANG_WARN_OBJC_IMPLICIT_RETAIN_SELF = YES;
				CLANG_WARN_OBJC_LITERAL_CONVERSION = YES;
				CLANG_WARN_OBJC_ROOT_CLASS = YES_ERROR;
				CLANG_WARN_RANGE_LOOP_ANALYSIS = YES;
				CLANG_WARN_STRICT_PROTOTYPES = YES;
				CLANG_WARN_SUSPICIOUS_MOVE = YES;
				CLANG_WARN_UNGUARDED_AVAILABILITY = YES_AGGRESSIVE;
				CLANG_WARN_UNREACHABLE_CODE = YES;
				CLANG_WARN__DUPLICATE_METHOD_MATCH = YES;
				CODE_SIGN_IDENTITY = "iPhone Developer";
				CODE_SIGN_STYLE = Automatic;
				COPY_PHASE_STRIP = NO;
				DEBUG_INFORMATION_FORMAT = dwarf;
				DEVELOPMENT_TEAM = 5KTS85NYQH;
				ENABLE_STRICT_OBJC_MSGSEND = YES;
				ENABLE_TESTABILITY = YES;
				GCC_C_LANGUAGE_STANDARD = gnu11;
				GCC_DYNAMIC_NO_PIC = NO;
				GCC_NO_COMMON_BLOCKS = YES;
				GCC_OPTIMIZATION_LEVEL = 0;
				GCC_PREPROCESSOR_DEFINITIONS = (
					"DEBUG=1",
					"$(inherited)",
				);
				GCC_WARN_64_TO_32_BIT_CONVERSION = YES;
				GCC_WARN_ABOUT_RETURN_TYPE = YES_ERROR;
				GCC_WARN_UNDECLARED_SELECTOR = YES;
				GCC_WARN_UNINITIALIZED_AUTOS = YES_AGGRESSIVE;
				GCC_WARN_UNUSED_FUNCTION = YES;
				GCC_WARN_UNUSED_VARIABLE = YES;
				INFOPLIST_FILE = Examples/AnimalForestChat/Info.plist;
				LD_RUNPATH_SEARCH_PATHS = (
					"$(inherited)",
					"@executable_path/Frameworks",
				);
				MTL_ENABLE_DEBUG_INFO = INCLUDE_SOURCE;
				MTL_FAST_MATH = YES;
				ONLY_ACTIVE_ARCH = YES;
				PRODUCT_BUNDLE_IDENTIFIER = "chat-example.animal-forest-chat";
				PRODUCT_NAME = "$(TARGET_NAME)";
				PROVISIONING_PROFILE_SPECIFIER = "";
				SDKROOT = iphoneos;
				SWIFT_ACTIVE_COMPILATION_CONDITIONS = DEBUG;
				SWIFT_OPTIMIZATION_LEVEL = "-Onone";
				TARGETED_DEVICE_FAMILY = "1,2";
			};
			name = Debug;
		};
		35525737223852970095AAFD /* Release */ = {
			isa = XCBuildConfiguration;
			baseConfigurationReference = 35E54744224BF0DB0086FB8F /* AnimalForestChat.release.xcconfig */;
			buildSettings = {
				ALWAYS_SEARCH_USER_PATHS = NO;
				ASSETCATALOG_COMPILER_APPICON_NAME = AppIcon;
				ASSETCATALOG_COMPILER_LAUNCHIMAGE_NAME = LaunchImage;
				CLANG_ANALYZER_NONNULL = YES;
				CLANG_ANALYZER_NUMBER_OBJECT_CONVERSION = YES_AGGRESSIVE;
				CLANG_CXX_LANGUAGE_STANDARD = "gnu++14";
				CLANG_CXX_LIBRARY = "libc++";
				CLANG_ENABLE_MODULES = YES;
				CLANG_ENABLE_OBJC_ARC = YES;
				CLANG_ENABLE_OBJC_WEAK = YES;
				CLANG_WARN_BLOCK_CAPTURE_AUTORELEASING = YES;
				CLANG_WARN_BOOL_CONVERSION = YES;
				CLANG_WARN_COMMA = YES;
				CLANG_WARN_CONSTANT_CONVERSION = YES;
				CLANG_WARN_DEPRECATED_OBJC_IMPLEMENTATIONS = YES;
				CLANG_WARN_DIRECT_OBJC_ISA_USAGE = YES_ERROR;
				CLANG_WARN_DOCUMENTATION_COMMENTS = YES;
				CLANG_WARN_EMPTY_BODY = YES;
				CLANG_WARN_ENUM_CONVERSION = YES;
				CLANG_WARN_INFINITE_RECURSION = YES;
				CLANG_WARN_INT_CONVERSION = YES;
				CLANG_WARN_NON_LITERAL_NULL_CONVERSION = YES;
				CLANG_WARN_OBJC_IMPLICIT_RETAIN_SELF = YES;
				CLANG_WARN_OBJC_LITERAL_CONVERSION = YES;
				CLANG_WARN_OBJC_ROOT_CLASS = YES_ERROR;
				CLANG_WARN_RANGE_LOOP_ANALYSIS = YES;
				CLANG_WARN_STRICT_PROTOTYPES = YES;
				CLANG_WARN_SUSPICIOUS_MOVE = YES;
				CLANG_WARN_UNGUARDED_AVAILABILITY = YES_AGGRESSIVE;
				CLANG_WARN_UNREACHABLE_CODE = YES;
				CLANG_WARN__DUPLICATE_METHOD_MATCH = YES;
				CODE_SIGN_IDENTITY = "iPhone Developer";
				CODE_SIGN_STYLE = Automatic;
				COPY_PHASE_STRIP = NO;
				DEBUG_INFORMATION_FORMAT = "dwarf-with-dsym";
				DEVELOPMENT_TEAM = 5KTS85NYQH;
				ENABLE_NS_ASSERTIONS = NO;
				ENABLE_STRICT_OBJC_MSGSEND = YES;
				GCC_C_LANGUAGE_STANDARD = gnu11;
				GCC_NO_COMMON_BLOCKS = YES;
				GCC_WARN_64_TO_32_BIT_CONVERSION = YES;
				GCC_WARN_ABOUT_RETURN_TYPE = YES_ERROR;
				GCC_WARN_UNDECLARED_SELECTOR = YES;
				GCC_WARN_UNINITIALIZED_AUTOS = YES_AGGRESSIVE;
				GCC_WARN_UNUSED_FUNCTION = YES;
				GCC_WARN_UNUSED_VARIABLE = YES;
				INFOPLIST_FILE = Examples/AnimalForestChat/Info.plist;
				LD_RUNPATH_SEARCH_PATHS = (
					"$(inherited)",
					"@executable_path/Frameworks",
				);
				MTL_ENABLE_DEBUG_INFO = NO;
				MTL_FAST_MATH = YES;
				PRODUCT_BUNDLE_IDENTIFIER = "chat-example.animal-forest-chat";
				PRODUCT_NAME = "$(TARGET_NAME)";
				PROVISIONING_PROFILE_SPECIFIER = "";
				SDKROOT = iphoneos;
				SWIFT_COMPILATION_MODE = wholemodule;
				SWIFT_OPTIMIZATION_LEVEL = "-O";
				TARGETED_DEVICE_FAMILY = "1,2";
				VALIDATE_PRODUCT = YES;
			};
			name = Release;
		};
		35525739223852970095AAFD /* Debug */ = {
			isa = XCBuildConfiguration;
			baseConfigurationReference = 86CFA574AEF9338AF57FCD1B /* Pods-AnimalForestChatTests.debug.xcconfig */;
			buildSettings = {
				ALWAYS_SEARCH_USER_PATHS = NO;
				BUNDLE_LOADER = "$(TEST_HOST)";
				CLANG_ANALYZER_NONNULL = YES;
				CLANG_ANALYZER_NUMBER_OBJECT_CONVERSION = YES_AGGRESSIVE;
				CLANG_CXX_LANGUAGE_STANDARD = "gnu++14";
				CLANG_CXX_LIBRARY = "libc++";
				CLANG_ENABLE_MODULES = YES;
				CLANG_ENABLE_OBJC_ARC = YES;
				CLANG_ENABLE_OBJC_WEAK = YES;
				CLANG_WARN_BLOCK_CAPTURE_AUTORELEASING = YES;
				CLANG_WARN_BOOL_CONVERSION = YES;
				CLANG_WARN_COMMA = YES;
				CLANG_WARN_CONSTANT_CONVERSION = YES;
				CLANG_WARN_DEPRECATED_OBJC_IMPLEMENTATIONS = YES;
				CLANG_WARN_DIRECT_OBJC_ISA_USAGE = YES_ERROR;
				CLANG_WARN_DOCUMENTATION_COMMENTS = YES;
				CLANG_WARN_EMPTY_BODY = YES;
				CLANG_WARN_ENUM_CONVERSION = YES;
				CLANG_WARN_INFINITE_RECURSION = YES;
				CLANG_WARN_INT_CONVERSION = YES;
				CLANG_WARN_NON_LITERAL_NULL_CONVERSION = YES;
				CLANG_WARN_OBJC_IMPLICIT_RETAIN_SELF = YES;
				CLANG_WARN_OBJC_LITERAL_CONVERSION = YES;
				CLANG_WARN_OBJC_ROOT_CLASS = YES_ERROR;
				CLANG_WARN_RANGE_LOOP_ANALYSIS = YES;
				CLANG_WARN_STRICT_PROTOTYPES = YES;
				CLANG_WARN_SUSPICIOUS_MOVE = YES;
				CLANG_WARN_UNGUARDED_AVAILABILITY = YES_AGGRESSIVE;
				CLANG_WARN_UNREACHABLE_CODE = YES;
				CLANG_WARN__DUPLICATE_METHOD_MATCH = YES;
				CODE_SIGN_STYLE = Automatic;
				COPY_PHASE_STRIP = NO;
				DEBUG_INFORMATION_FORMAT = dwarf;
				DEVELOPMENT_TEAM = "";
				ENABLE_STRICT_OBJC_MSGSEND = YES;
				ENABLE_TESTABILITY = YES;
				GCC_C_LANGUAGE_STANDARD = gnu11;
				GCC_DYNAMIC_NO_PIC = NO;
				GCC_NO_COMMON_BLOCKS = YES;
				GCC_OPTIMIZATION_LEVEL = 0;
				GCC_PREPROCESSOR_DEFINITIONS = (
					"DEBUG=1",
					"$(inherited)",
				);
				GCC_WARN_64_TO_32_BIT_CONVERSION = YES;
				GCC_WARN_ABOUT_RETURN_TYPE = YES_ERROR;
				GCC_WARN_UNDECLARED_SELECTOR = YES;
				GCC_WARN_UNINITIALIZED_AUTOS = YES_AGGRESSIVE;
				GCC_WARN_UNUSED_FUNCTION = YES;
				GCC_WARN_UNUSED_VARIABLE = YES;
				INFOPLIST_FILE = Examples/AnimalForestChat/Tests/Info.plist;
				LD_RUNPATH_SEARCH_PATHS = (
					"$(inherited)",
					"@executable_path/Frameworks",
					"@loader_path/Frameworks",
				);
				MTL_ENABLE_DEBUG_INFO = INCLUDE_SOURCE;
				MTL_FAST_MATH = YES;
				ONLY_ACTIVE_ARCH = YES;
				PRODUCT_BUNDLE_IDENTIFIER = "chat-example.animal-forest-chatTests";
				PRODUCT_NAME = "$(TARGET_NAME)";
				SDKROOT = iphoneos;
				SWIFT_ACTIVE_COMPILATION_CONDITIONS = DEBUG;
				SWIFT_OPTIMIZATION_LEVEL = "-Onone";
				TARGETED_DEVICE_FAMILY = "1,2";
				TEST_HOST = "$(BUILT_PRODUCTS_DIR)/AnimalForestChat.app/AnimalForestChat";
			};
			name = Debug;
		};
		3552573A223852970095AAFD /* Release */ = {
			isa = XCBuildConfiguration;
			baseConfigurationReference = 452F09FFF80047D14609679F /* Pods-AnimalForestChatTests.release.xcconfig */;
			buildSettings = {
				ALWAYS_SEARCH_USER_PATHS = NO;
				BUNDLE_LOADER = "$(TEST_HOST)";
				CLANG_ANALYZER_NONNULL = YES;
				CLANG_ANALYZER_NUMBER_OBJECT_CONVERSION = YES_AGGRESSIVE;
				CLANG_CXX_LANGUAGE_STANDARD = "gnu++14";
				CLANG_CXX_LIBRARY = "libc++";
				CLANG_ENABLE_MODULES = YES;
				CLANG_ENABLE_OBJC_ARC = YES;
				CLANG_ENABLE_OBJC_WEAK = YES;
				CLANG_WARN_BLOCK_CAPTURE_AUTORELEASING = YES;
				CLANG_WARN_BOOL_CONVERSION = YES;
				CLANG_WARN_COMMA = YES;
				CLANG_WARN_CONSTANT_CONVERSION = YES;
				CLANG_WARN_DEPRECATED_OBJC_IMPLEMENTATIONS = YES;
				CLANG_WARN_DIRECT_OBJC_ISA_USAGE = YES_ERROR;
				CLANG_WARN_DOCUMENTATION_COMMENTS = YES;
				CLANG_WARN_EMPTY_BODY = YES;
				CLANG_WARN_ENUM_CONVERSION = YES;
				CLANG_WARN_INFINITE_RECURSION = YES;
				CLANG_WARN_INT_CONVERSION = YES;
				CLANG_WARN_NON_LITERAL_NULL_CONVERSION = YES;
				CLANG_WARN_OBJC_IMPLICIT_RETAIN_SELF = YES;
				CLANG_WARN_OBJC_LITERAL_CONVERSION = YES;
				CLANG_WARN_OBJC_ROOT_CLASS = YES_ERROR;
				CLANG_WARN_RANGE_LOOP_ANALYSIS = YES;
				CLANG_WARN_STRICT_PROTOTYPES = YES;
				CLANG_WARN_SUSPICIOUS_MOVE = YES;
				CLANG_WARN_UNGUARDED_AVAILABILITY = YES_AGGRESSIVE;
				CLANG_WARN_UNREACHABLE_CODE = YES;
				CLANG_WARN__DUPLICATE_METHOD_MATCH = YES;
				CODE_SIGN_STYLE = Automatic;
				COPY_PHASE_STRIP = NO;
				DEBUG_INFORMATION_FORMAT = "dwarf-with-dsym";
				DEVELOPMENT_TEAM = "";
				ENABLE_NS_ASSERTIONS = NO;
				ENABLE_STRICT_OBJC_MSGSEND = YES;
				GCC_C_LANGUAGE_STANDARD = gnu11;
				GCC_NO_COMMON_BLOCKS = YES;
				GCC_WARN_64_TO_32_BIT_CONVERSION = YES;
				GCC_WARN_ABOUT_RETURN_TYPE = YES_ERROR;
				GCC_WARN_UNDECLARED_SELECTOR = YES;
				GCC_WARN_UNINITIALIZED_AUTOS = YES_AGGRESSIVE;
				GCC_WARN_UNUSED_FUNCTION = YES;
				GCC_WARN_UNUSED_VARIABLE = YES;
				INFOPLIST_FILE = Examples/AnimalForestChat/Tests/Info.plist;
				LD_RUNPATH_SEARCH_PATHS = (
					"$(inherited)",
					"@executable_path/Frameworks",
					"@loader_path/Frameworks",
				);
				MTL_ENABLE_DEBUG_INFO = NO;
				MTL_FAST_MATH = YES;
				PRODUCT_BUNDLE_IDENTIFIER = "chat-example.animal-forest-chatTests";
				PRODUCT_NAME = "$(TARGET_NAME)";
				SDKROOT = iphoneos;
				SWIFT_COMPILATION_MODE = wholemodule;
				SWIFT_OPTIMIZATION_LEVEL = "-O";
				TARGETED_DEVICE_FAMILY = "1,2";
				TEST_HOST = "$(BUILT_PRODUCTS_DIR)/AnimalForestChat.app/AnimalForestChat";
				VALIDATE_PRODUCT = YES;
			};
			name = Release;
		};
		35765C80223AE694000B4B8D /* Debug */ = {
			isa = XCBuildConfiguration;
			baseConfigurationReference = DD0CB74CFBF3790EB4421DBB /* Pods-Snippets.debug.xcconfig */;
			buildSettings = {
				ALWAYS_SEARCH_USER_PATHS = NO;
				CLANG_ANALYZER_NONNULL = YES;
				CLANG_ANALYZER_NUMBER_OBJECT_CONVERSION = YES_AGGRESSIVE;
				CLANG_CXX_LANGUAGE_STANDARD = "gnu++14";
				CLANG_CXX_LIBRARY = "libc++";
				CLANG_ENABLE_MODULES = YES;
				CLANG_ENABLE_OBJC_ARC = YES;
				CLANG_ENABLE_OBJC_WEAK = YES;
				CLANG_WARN_DIRECT_OBJC_ISA_USAGE = YES_ERROR;
				CLANG_WARN_DOCUMENTATION_COMMENTS = YES;
				CLANG_WARN_OBJC_ROOT_CLASS = YES_ERROR;
				CLANG_WARN_UNGUARDED_AVAILABILITY = YES_AGGRESSIVE;
				CODE_SIGN_STYLE = Automatic;
				COPY_PHASE_STRIP = NO;
				DEBUG_INFORMATION_FORMAT = dwarf;
				GCC_C_LANGUAGE_STANDARD = gnu11;
				GCC_DYNAMIC_NO_PIC = NO;
				GCC_OPTIMIZATION_LEVEL = 0;
				GCC_PREPROCESSOR_DEFINITIONS = (
					"DEBUG=1",
					"$(inherited)",
				);
				GCC_WARN_ABOUT_RETURN_TYPE = YES_ERROR;
				GCC_WARN_UNINITIALIZED_AUTOS = YES_AGGRESSIVE;
				INFOPLIST_FILE = Snippets/Info.plist;
				LD_RUNPATH_SEARCH_PATHS = (
					"$(inherited)",
					"@executable_path/Frameworks",
					"@loader_path/Frameworks",
				);
				MTL_ENABLE_DEBUG_INFO = INCLUDE_SOURCE;
				MTL_FAST_MATH = YES;
				PRODUCT_BUNDLE_IDENTIFIER = Snippets;
				PRODUCT_NAME = "$(TARGET_NAME)";
				SDKROOT = iphoneos;
				SWIFT_ACTIVE_COMPILATION_CONDITIONS = DEBUG;
				SWIFT_OPTIMIZATION_LEVEL = "-Onone";
				TARGETED_DEVICE_FAMILY = "1,2";
			};
			name = Debug;
		};
		35765C81223AE694000B4B8D /* Release */ = {
			isa = XCBuildConfiguration;
			baseConfigurationReference = 25181EF28B5E0BDCE9C61929 /* Pods-Snippets.release.xcconfig */;
			buildSettings = {
				ALWAYS_SEARCH_USER_PATHS = NO;
				CLANG_ANALYZER_NONNULL = YES;
				CLANG_ANALYZER_NUMBER_OBJECT_CONVERSION = YES_AGGRESSIVE;
				CLANG_CXX_LANGUAGE_STANDARD = "gnu++14";
				CLANG_CXX_LIBRARY = "libc++";
				CLANG_ENABLE_MODULES = YES;
				CLANG_ENABLE_OBJC_ARC = YES;
				CLANG_ENABLE_OBJC_WEAK = YES;
				CLANG_WARN_DIRECT_OBJC_ISA_USAGE = YES_ERROR;
				CLANG_WARN_DOCUMENTATION_COMMENTS = YES;
				CLANG_WARN_OBJC_ROOT_CLASS = YES_ERROR;
				CLANG_WARN_UNGUARDED_AVAILABILITY = YES_AGGRESSIVE;
				CODE_SIGN_STYLE = Automatic;
				COPY_PHASE_STRIP = NO;
				DEBUG_INFORMATION_FORMAT = "dwarf-with-dsym";
				ENABLE_NS_ASSERTIONS = NO;
				GCC_C_LANGUAGE_STANDARD = gnu11;
				GCC_WARN_ABOUT_RETURN_TYPE = YES_ERROR;
				GCC_WARN_UNINITIALIZED_AUTOS = YES_AGGRESSIVE;
				INFOPLIST_FILE = Snippets/Info.plist;
				LD_RUNPATH_SEARCH_PATHS = (
					"$(inherited)",
					"@executable_path/Frameworks",
					"@loader_path/Frameworks",
				);
				MTL_ENABLE_DEBUG_INFO = NO;
				MTL_FAST_MATH = YES;
				PRODUCT_BUNDLE_IDENTIFIER = Snippets;
				PRODUCT_NAME = "$(TARGET_NAME)";
				SDKROOT = iphoneos;
				SWIFT_COMPILATION_MODE = wholemodule;
				SWIFT_OPTIMIZATION_LEVEL = "-O";
				TARGETED_DEVICE_FAMILY = "1,2";
				VALIDATE_PRODUCT = YES;
			};
			name = Release;
		};
/* End XCBuildConfiguration section */

/* Begin XCConfigurationList section */
		355256FA2237FDA40095AAFD /* Build configuration list for PBXProject "chat-examples-swift" */ = {
			isa = XCConfigurationList;
			buildConfigurations = (
				355256FB2237FDA40095AAFD /* Debug */,
				355256FC2237FDA40095AAFD /* Release */,
			);
			defaultConfigurationIsVisible = 0;
			defaultConfigurationName = Release;
		};
		35525735223852970095AAFD /* Build configuration list for PBXNativeTarget "AnimalForestChat" */ = {
			isa = XCConfigurationList;
			buildConfigurations = (
				35525736223852970095AAFD /* Debug */,
				35525737223852970095AAFD /* Release */,
			);
			defaultConfigurationIsVisible = 0;
			defaultConfigurationName = Release;
		};
		35525738223852970095AAFD /* Build configuration list for PBXNativeTarget "AnimalForestChatTests" */ = {
			isa = XCConfigurationList;
			buildConfigurations = (
				35525739223852970095AAFD /* Debug */,
				3552573A223852970095AAFD /* Release */,
			);
			defaultConfigurationIsVisible = 0;
			defaultConfigurationName = Release;
		};
		35765C7F223AE694000B4B8D /* Build configuration list for PBXNativeTarget "Snippets" */ = {
			isa = XCConfigurationList;
			buildConfigurations = (
				35765C80223AE694000B4B8D /* Debug */,
				35765C81223AE694000B4B8D /* Release */,
			);
			defaultConfigurationIsVisible = 0;
			defaultConfigurationName = Release;
		};
/* End XCConfigurationList section */
	};
	rootObject = 355256F72237FDA40095AAFD /* Project object */;
}
